
Microsoft Visual Studio Solution File, Format Version 12.00
# Visual Studio Version 17
VisualStudioVersion = 17.5.002.0
MinimumVisualStudioVersion = 10.0.40219.1
Project("{9A19103F-16F7-4668-BE54-9A1E7A4F7556}") = "01_Hello_Word", "01_Hello_Word\01_Hello_Word.csproj", "{2A073725-C59C-46DF-81A4-712E6F96837D}"
EndProject
Project("{9A19103F-16F7-4668-BE54-9A1E7A4F7556}") = "02_Introdução", "02_Introdução\02_Introdução.csproj", "{E881F578-69A8-4CA9-A0C7-32303FF8A36B}"
EndProject
Project("{2150E333-8FDC-42A3-9474-1A3956D46DE8}") = "Extras", "Extras", "{2A03F837-8D48-4F33-86BB-65A0AFC63A01}"
EndProject
Project("{9A19103F-16F7-4668-BE54-9A1E7A4F7556}") = "calc", "Extras\Calculadora em c#\calc.csproj", "{3448B3E9-34CF-4E1A-973E-2260B147A3BD}"
EndProject
Global
	GlobalSection(SolutionConfigurationPlatforms) = preSolution
		Debug|Any CPU = Debug|Any CPU
		Release|Any CPU = Release|Any CPU
	EndGlobalSection
	GlobalSection(ProjectConfigurationPlatforms) = postSolution
		{2A073725-C59C-46DF-81A4-712E6F96837D}.Debug|Any CPU.ActiveCfg = Debug|Any CPU
		{2A073725-C59C-46DF-81A4-712E6F96837D}.Debug|Any CPU.Build.0 = Debug|Any CPU
		{2A073725-C59C-46DF-81A4-712E6F96837D}.Release|Any CPU.ActiveCfg = Release|Any CPU
		{2A073725-C59C-46DF-81A4-712E6F96837D}.Release|Any CPU.Build.0 = Release|Any CPU
		{E881F578-69A8-4CA9-A0C7-32303FF8A36B}.Debug|Any CPU.ActiveCfg = Debug|Any CPU
		{E881F578-69A8-4CA9-A0C7-32303FF8A36B}.Debug|Any CPU.Build.0 = Debug|Any CPU
		{E881F578-69A8-4CA9-A0C7-32303FF8A36B}.Release|Any CPU.ActiveCfg = Release|Any CPU
		{E881F578-69A8-4CA9-A0C7-32303FF8A36B}.Release|Any CPU.Build.0 = Release|Any CPU
		{3448B3E9-34CF-4E1A-973E-2260B147A3BD}.Debug|Any CPU.ActiveCfg = Debug|Any CPU
		{3448B3E9-34CF-4E1A-973E-2260B147A3BD}.Debug|Any CPU.Build.0 = Debug|Any CPU
		{3448B3E9-34CF-4E1A-973E-2260B147A3BD}.Release|Any CPU.ActiveCfg = Release|Any CPU
		{3448B3E9-34CF-4E1A-973E-2260B147A3BD}.Release|Any CPU.Build.0 = Release|Any CPU
	EndGlobalSection
	GlobalSection(SolutionProperties) = preSolution
		HideSolutionNode = FALSE
	EndGlobalSection
	GlobalSection(NestedProjects) = preSolution
		{3448B3E9-34CF-4E1A-973E-2260B147A3BD} = {2A03F837-8D48-4F33-86BB-65A0AFC63A01}
	EndGlobalSection
	GlobalSection(ExtensibilityGlobals) = postSolution
		SolutionGuid = {DE7BED05-EABA-4900-A3D1-C26C995A59BB}
	EndGlobalSection
EndGlobal
