
Microsoft Visual Studio Solution File, Format Version 12.00
# Visual Studio Version 17
VisualStudioVersion = 17.5.002.0
MinimumVisualStudioVersion = 10.0.40219.1
Project("{9A19103F-16F7-4668-BE54-9A1E7A4F7556}") = "exeContaBancaria", "exeContaBancaria.csproj", "{2CA2AAA6-30AB-446B-9C2E-B440EBE4E55F}"
EndProject
Global
	GlobalSection(SolutionConfigurationPlatforms) = preSolution
		Debug|Any CPU = Debug|Any CPU
		Release|Any CPU = Release|Any CPU
	EndGlobalSection
	GlobalSection(ProjectConfigurationPlatforms) = postSolution
		{2CA2AAA6-30AB-446B-9C2E-B440EBE4E55F}.Debug|Any CPU.ActiveCfg = Debug|Any CPU
		{2CA2AAA6-30AB-446B-9C2E-B440EBE4E55F}.Debug|Any CPU.Build.0 = Debug|Any CPU
		{2CA2AAA6-30AB-446B-9C2E-B440EBE4E55F}.Release|Any CPU.ActiveCfg = Release|Any CPU
		{2CA2AAA6-30AB-446B-9C2E-B440EBE4E55F}.Release|Any CPU.Build.0 = Release|Any CPU
	EndGlobalSection
	GlobalSection(SolutionProperties) = preSolution
		HideSolutionNode = FALSE
	EndGlobalSection
	GlobalSection(ExtensibilityGlobals) = postSolution
		SolutionGuid = {3FFD8FD8-4320-4F0C-B280-9DC7501863E6}
	EndGlobalSection
EndGlobal
